// !$*UTF8*$!
{
	archiveVersion = 1;
	classes = {
	};
	objectVersion = 52;
	objects = {

/* Begin PBXBuildFile section */
		34816AC425A7EEA30067E9A2 /* BasicLayoutView.swift in Sources */ = {isa = PBXBuildFile; fileRef = 34816AC325A7EEA30067E9A2 /* BasicLayoutView.swift */; };
		34816AC725A800C30067E9A2 /* StackViewLayoutView.swift in Sources */ = {isa = PBXBuildFile; fileRef = 34816AC625A800C30067E9A2 /* StackViewLayoutView.swift */; };
		34816ACA25AA5D730067E9A2 /* AnchorageLayoutView.swift in Sources */ = {isa = PBXBuildFile; fileRef = 34816AC925AA5D730067E9A2 /* AnchorageLayoutView.swift */; };
		34816ACE25AA5E9D0067E9A2 /* UIView.swift in Sources */ = {isa = PBXBuildFile; fileRef = 34816ACD25AA5E9D0067E9A2 /* UIView.swift */; };
		34816AD225AA5EF00067E9A2 /* UIStackView.swift in Sources */ = {isa = PBXBuildFile; fileRef = 34816AD125AA5EF00067E9A2 /* UIStackView.swift */; };
		34816AD525AA608A0067E9A2 /* ComposedViewController.swift in Sources */ = {isa = PBXBuildFile; fileRef = 34816AD425AA608A0067E9A2 /* ComposedViewController.swift */; };
		34816AD825AA60BA0067E9A2 /* ComposedLayoutView.swift in Sources */ = {isa = PBXBuildFile; fileRef = 34816AD725AA60BA0067E9A2 /* ComposedLayoutView.swift */; };
		34816ADB25AA60E50067E9A2 /* LoginStackView.swift in Sources */ = {isa = PBXBuildFile; fileRef = 34816ADA25AA60E50067E9A2 /* LoginStackView.swift */; };
		34816ADE25AA69850067E9A2 /* BasicLayoutWithViewViewController.swift in Sources */ = {isa = PBXBuildFile; fileRef = 34816ADD25AA69850067E9A2 /* BasicLayoutWithViewViewController.swift */; };
		34816AE425AA6B1F0067E9A2 /* CleanerLayoutView.swift in Sources */ = {isa = PBXBuildFile; fileRef = 34816AE325AA6B1F0067E9A2 /* CleanerLayoutView.swift */; };
		34816AE725AA6BBD0067E9A2 /* ProgrammaticView.swift in Sources */ = {isa = PBXBuildFile; fileRef = 34816AE625AA6BBD0067E9A2 /* ProgrammaticView.swift */; };
		34D7051A25B9D90A00FAA0B3 /* LoggedInViewController.swift in Sources */ = {isa = PBXBuildFile; fileRef = 34D7051925B9D90A00FAA0B3 /* LoggedInViewController.swift */; };
		34D7051D25B9D94200FAA0B3 /* LoggedInView.swift in Sources */ = {isa = PBXBuildFile; fileRef = 34D7051C25B9D94200FAA0B3 /* LoggedInView.swift */; };
		34D7052025B9DBB200FAA0B3 /* Authenticatior.swift in Sources */ = {isa = PBXBuildFile; fileRef = 34D7051F25B9DBB200FAA0B3 /* Authenticatior.swift */; };
		34D7052325B9E1F900FAA0B3 /* FailedLoginViewController.swift in Sources */ = {isa = PBXBuildFile; fileRef = 34D7052225B9E1F900FAA0B3 /* FailedLoginViewController.swift */; };
		34D7052625B9E21200FAA0B3 /* FailedLoginView.swift in Sources */ = {isa = PBXBuildFile; fileRef = 34D7052525B9E21200FAA0B3 /* FailedLoginView.swift */; };
		34D7052925BC8E5B00FAA0B3 /* Coordinator.swift in Sources */ = {isa = PBXBuildFile; fileRef = 34D7052825BC8E5B00FAA0B3 /* Coordinator.swift */; };
		34FD64AB25A5427E009E03CD /* AppDelegate.swift in Sources */ = {isa = PBXBuildFile; fileRef = 34FD64AA25A5427D009E03CD /* AppDelegate.swift */; };
		34FD64AD25A5427E009E03CD /* SceneDelegate.swift in Sources */ = {isa = PBXBuildFile; fileRef = 34FD64AC25A5427E009E03CD /* SceneDelegate.swift */; };
		34FD64AF25A5427E009E03CD /* BasicLayoutViewController.swift in Sources */ = {isa = PBXBuildFile; fileRef = 34FD64AE25A5427E009E03CD /* BasicLayoutViewController.swift */; };
		34FD64B425A5427F009E03CD /* Assets.xcassets in Resources */ = {isa = PBXBuildFile; fileRef = 34FD64B325A5427F009E03CD /* Assets.xcassets */; };
		34FD64B725A5427F009E03CD /* LaunchScreen.storyboard in Resources */ = {isa = PBXBuildFile; fileRef = 34FD64B525A5427F009E03CD /* LaunchScreen.storyboard */; };
		34FD64C125A54A2C009E03CD /* CleanerLayoutViewController.swift in Sources */ = {isa = PBXBuildFile; fileRef = 34FD64C025A54A2C009E03CD /* CleanerLayoutViewController.swift */; };
		34FD64C425A54BB4009E03CD /* StackViewLayoutViewController.swift in Sources */ = {isa = PBXBuildFile; fileRef = 34FD64C325A54BB4009E03CD /* StackViewLayoutViewController.swift */; };
		34FD64C825A55359009E03CD /* Anchorage in Frameworks */ = {isa = PBXBuildFile; productRef = 34FD64C725A55359009E03CD /* Anchorage */; };
		34FD64CB25A5536C009E03CD /* AnchorageLayoutViewController.swift in Sources */ = {isa = PBXBuildFile; fileRef = 34FD64CA25A5536C009E03CD /* AnchorageLayoutViewController.swift */; };
/* End PBXBuildFile section */

/* Begin PBXFileReference section */
		34816AC325A7EEA30067E9A2 /* BasicLayoutView.swift */ = {isa = PBXFileReference; lastKnownFileType = sourcecode.swift; path = BasicLayoutView.swift; sourceTree = "<group>"; };
		34816AC625A800C30067E9A2 /* StackViewLayoutView.swift */ = {isa = PBXFileReference; lastKnownFileType = sourcecode.swift; path = StackViewLayoutView.swift; sourceTree = "<group>"; };
		34816AC925AA5D730067E9A2 /* AnchorageLayoutView.swift */ = {isa = PBXFileReference; lastKnownFileType = sourcecode.swift; path = AnchorageLayoutView.swift; sourceTree = "<group>"; };
		34816ACD25AA5E9D0067E9A2 /* UIView.swift */ = {isa = PBXFileReference; lastKnownFileType = sourcecode.swift; path = UIView.swift; sourceTree = "<group>"; };
		34816AD125AA5EF00067E9A2 /* UIStackView.swift */ = {isa = PBXFileReference; lastKnownFileType = sourcecode.swift; path = UIStackView.swift; sourceTree = "<group>"; };
		34816AD425AA608A0067E9A2 /* ComposedViewController.swift */ = {isa = PBXFileReference; lastKnownFileType = sourcecode.swift; path = ComposedViewController.swift; sourceTree = "<group>"; };
		34816AD725AA60BA0067E9A2 /* ComposedLayoutView.swift */ = {isa = PBXFileReference; lastKnownFileType = sourcecode.swift; path = ComposedLayoutView.swift; sourceTree = "<group>"; };
		34816ADA25AA60E50067E9A2 /* LoginStackView.swift */ = {isa = PBXFileReference; lastKnownFileType = sourcecode.swift; path = LoginStackView.swift; sourceTree = "<group>"; };
		34816ADD25AA69850067E9A2 /* BasicLayoutWithViewViewController.swift */ = {isa = PBXFileReference; lastKnownFileType = sourcecode.swift; path = BasicLayoutWithViewViewController.swift; sourceTree = "<group>"; };
		34816AE325AA6B1F0067E9A2 /* CleanerLayoutView.swift */ = {isa = PBXFileReference; lastKnownFileType = sourcecode.swift; path = CleanerLayoutView.swift; sourceTree = "<group>"; };
		34816AE625AA6BBD0067E9A2 /* ProgrammaticView.swift */ = {isa = PBXFileReference; lastKnownFileType = sourcecode.swift; path = ProgrammaticView.swift; sourceTree = "<group>"; };
		34D7051925B9D90A00FAA0B3 /* LoggedInViewController.swift */ = {isa = PBXFileReference; lastKnownFileType = sourcecode.swift; path = LoggedInViewController.swift; sourceTree = "<group>"; };
		34D7051C25B9D94200FAA0B3 /* LoggedInView.swift */ = {isa = PBXFileReference; lastKnownFileType = sourcecode.swift; path = LoggedInView.swift; sourceTree = "<group>"; };
		34D7051F25B9DBB200FAA0B3 /* Authenticatior.swift */ = {isa = PBXFileReference; lastKnownFileType = sourcecode.swift; path = Authenticatior.swift; sourceTree = "<group>"; };
		34D7052225B9E1F900FAA0B3 /* FailedLoginViewController.swift */ = {isa = PBXFileReference; lastKnownFileType = sourcecode.swift; path = FailedLoginViewController.swift; sourceTree = "<group>"; };
		34D7052525B9E21200FAA0B3 /* FailedLoginView.swift */ = {isa = PBXFileReference; lastKnownFileType = sourcecode.swift; path = FailedLoginView.swift; sourceTree = "<group>"; };
		34D7052825BC8E5B00FAA0B3 /* Coordinator.swift */ = {isa = PBXFileReference; lastKnownFileType = sourcecode.swift; path = Coordinator.swift; sourceTree = "<group>"; };
		34FD64A725A5427D009E03CD /* ProgrammaticLayout.app */ = {isa = PBXFileReference; explicitFileType = wrapper.application; includeInIndex = 0; path = ProgrammaticLayout.app; sourceTree = BUILT_PRODUCTS_DIR; };
		34FD64AA25A5427D009E03CD /* AppDelegate.swift */ = {isa = PBXFileReference; lastKnownFileType = sourcecode.swift; path = AppDelegate.swift; sourceTree = "<group>"; };
		34FD64AC25A5427E009E03CD /* SceneDelegate.swift */ = {isa = PBXFileReference; lastKnownFileType = sourcecode.swift; path = SceneDelegate.swift; sourceTree = "<group>"; };
		34FD64AE25A5427E009E03CD /* BasicLayoutViewController.swift */ = {isa = PBXFileReference; lastKnownFileType = sourcecode.swift; path = BasicLayoutViewController.swift; sourceTree = "<group>"; };
		34FD64B325A5427F009E03CD /* Assets.xcassets */ = {isa = PBXFileReference; lastKnownFileType = folder.assetcatalog; path = Assets.xcassets; sourceTree = "<group>"; };
		34FD64B625A5427F009E03CD /* Base */ = {isa = PBXFileReference; lastKnownFileType = file.storyboard; name = Base; path = Base.lproj/LaunchScreen.storyboard; sourceTree = "<group>"; };
		34FD64B825A5427F009E03CD /* Info.plist */ = {isa = PBXFileReference; lastKnownFileType = text.plist.xml; path = Info.plist; sourceTree = "<group>"; };
		34FD64C025A54A2C009E03CD /* CleanerLayoutViewController.swift */ = {isa = PBXFileReference; lastKnownFileType = sourcecode.swift; path = CleanerLayoutViewController.swift; sourceTree = "<group>"; };
		34FD64C325A54BB4009E03CD /* StackViewLayoutViewController.swift */ = {isa = PBXFileReference; lastKnownFileType = sourcecode.swift; path = StackViewLayoutViewController.swift; sourceTree = "<group>"; };
		34FD64CA25A5536C009E03CD /* AnchorageLayoutViewController.swift */ = {isa = PBXFileReference; lastKnownFileType = sourcecode.swift; path = AnchorageLayoutViewController.swift; sourceTree = "<group>"; };
/* End PBXFileReference section */

/* Begin PBXFrameworksBuildPhase section */
		34FD64A425A5427D009E03CD /* Frameworks */ = {
			isa = PBXFrameworksBuildPhase;
			buildActionMask = 2147483647;
			files = (
				34FD64C825A55359009E03CD /* Anchorage in Frameworks */,
			);
			runOnlyForDeploymentPostprocessing = 0;
		};
/* End PBXFrameworksBuildPhase section */

/* Begin PBXGroup section */
		34816ACC25AA5E930067E9A2 /* Extensions */ = {
			isa = PBXGroup;
			children = (
				34816ACD25AA5E9D0067E9A2 /* UIView.swift */,
				34816AD125AA5EF00067E9A2 /* UIStackView.swift */,
			);
			path = Extensions;
			sourceTree = "<group>";
		};
		34816AE025AA69EA0067E9A2 /* Resources */ = {
			isa = PBXGroup;
			children = (
				34FD64B325A5427F009E03CD /* Assets.xcassets */,
				34FD64B525A5427F009E03CD /* LaunchScreen.storyboard */,
				34FD64B825A5427F009E03CD /* Info.plist */,
				34FD64AA25A5427D009E03CD /* AppDelegate.swift */,
				34FD64AC25A5427E009E03CD /* SceneDelegate.swift */,
			);
			path = Resources;
			sourceTree = "<group>";
		};
		34FD649E25A5427D009E03CD = {
			isa = PBXGroup;
			children = (
				34FD64A925A5427D009E03CD /* ProgrammaticLayout */,
				34FD64A825A5427D009E03CD /* Products */,
			);
			sourceTree = "<group>";
		};
		34FD64A825A5427D009E03CD /* Products */ = {
			isa = PBXGroup;
			children = (
				34FD64A725A5427D009E03CD /* ProgrammaticLayout.app */,
			);
			name = Products;
			sourceTree = "<group>";
		};
		34FD64A925A5427D009E03CD /* ProgrammaticLayout */ = {
			isa = PBXGroup;
			children = (
				34FD64AE25A5427E009E03CD /* BasicLayoutViewController.swift */,
				34816AE625AA6BBD0067E9A2 /* ProgrammaticView.swift */,
				34816ADD25AA69850067E9A2 /* BasicLayoutWithViewViewController.swift */,
				34816AC325A7EEA30067E9A2 /* BasicLayoutView.swift */,
				34FD64C025A54A2C009E03CD /* CleanerLayoutViewController.swift */,
				34816AE325AA6B1F0067E9A2 /* CleanerLayoutView.swift */,
				34FD64C325A54BB4009E03CD /* StackViewLayoutViewController.swift */,
				34816AC625A800C30067E9A2 /* StackViewLayoutView.swift */,
				34FD64CA25A5536C009E03CD /* AnchorageLayoutViewController.swift */,
				34816AC925AA5D730067E9A2 /* AnchorageLayoutView.swift */,
				34816AD425AA608A0067E9A2 /* ComposedViewController.swift */,
				34816AD725AA60BA0067E9A2 /* ComposedLayoutView.swift */,
				34816ADA25AA60E50067E9A2 /* LoginStackView.swift */,
				34D7051925B9D90A00FAA0B3 /* LoggedInViewController.swift */,
				34D7051C25B9D94200FAA0B3 /* LoggedInView.swift */,
				34D7052225B9E1F900FAA0B3 /* FailedLoginViewController.swift */,
				34D7052525B9E21200FAA0B3 /* FailedLoginView.swift */,
				34D7051F25B9DBB200FAA0B3 /* Authenticatior.swift */,
				34D7052825BC8E5B00FAA0B3 /* Coordinator.swift */,
				34816AE025AA69EA0067E9A2 /* Resources */,
				34816ACC25AA5E930067E9A2 /* Extensions */,
			);
			path = ProgrammaticLayout;
			sourceTree = "<group>";
		};
/* End PBXGroup section */

/* Begin PBXNativeTarget section */
		34FD64A625A5427D009E03CD /* ProgrammaticLayout */ = {
			isa = PBXNativeTarget;
			buildConfigurationList = 34FD64BB25A5427F009E03CD /* Build configuration list for PBXNativeTarget "ProgrammaticLayout" */;
			buildPhases = (
				34FD64A325A5427D009E03CD /* Sources */,
				34FD64A425A5427D009E03CD /* Frameworks */,
				34FD64A525A5427D009E03CD /* Resources */,
			);
			buildRules = (
			);
			dependencies = (
			);
			name = ProgrammaticLayout;
			packageProductDependencies = (
				34FD64C725A55359009E03CD /* Anchorage */,
			);
			productName = ProgrammaticLayout;
			productReference = 34FD64A725A5427D009E03CD /* ProgrammaticLayout.app */;
			productType = "com.apple.product-type.application";
		};
/* End PBXNativeTarget section */

/* Begin PBXProject section */
		34FD649F25A5427D009E03CD /* Project object */ = {
			isa = PBXProject;
			attributes = {
				LastSwiftUpdateCheck = 1230;
				LastUpgradeCheck = 1230;
				TargetAttributes = {
					34FD64A625A5427D009E03CD = {
						CreatedOnToolsVersion = 12.3;
					};
				};
			};
			buildConfigurationList = 34FD64A225A5427D009E03CD /* Build configuration list for PBXProject "ProgrammaticLayout" */;
			compatibilityVersion = "Xcode 9.3";
			developmentRegion = en;
			hasScannedForEncodings = 0;
			knownRegions = (
				en,
				Base,
			);
			mainGroup = 34FD649E25A5427D009E03CD;
			packageReferences = (
				34FD64C625A55359009E03CD /* XCRemoteSwiftPackageReference "Anchorage" */,
			);
			productRefGroup = 34FD64A825A5427D009E03CD /* Products */;
			projectDirPath = "";
			projectRoot = "";
			targets = (
				34FD64A625A5427D009E03CD /* ProgrammaticLayout */,
			);
		};
/* End PBXProject section */

/* Begin PBXResourcesBuildPhase section */
		34FD64A525A5427D009E03CD /* Resources */ = {
			isa = PBXResourcesBuildPhase;
			buildActionMask = 2147483647;
			files = (
				34FD64B725A5427F009E03CD /* LaunchScreen.storyboard in Resources */,
				34FD64B425A5427F009E03CD /* Assets.xcassets in Resources */,
			);
			runOnlyForDeploymentPostprocessing = 0;
		};
/* End PBXResourcesBuildPhase section */

/* Begin PBXSourcesBuildPhase section */
		34FD64A325A5427D009E03CD /* Sources */ = {
			isa = PBXSourcesBuildPhase;
			buildActionMask = 2147483647;
			files = (
				34816AD525AA608A0067E9A2 /* ComposedViewController.swift in Sources */,
				34816ACE25AA5E9D0067E9A2 /* UIView.swift in Sources */,
				34D7051D25B9D94200FAA0B3 /* LoggedInView.swift in Sources */,
				34FD64AF25A5427E009E03CD /* BasicLayoutViewController.swift in Sources */,
				34FD64CB25A5536C009E03CD /* AnchorageLayoutViewController.swift in Sources */,
				34FD64C425A54BB4009E03CD /* StackViewLayoutViewController.swift in Sources */,
				34816AE425AA6B1F0067E9A2 /* CleanerLayoutView.swift in Sources */,
				34D7052025B9DBB200FAA0B3 /* Authenticatior.swift in Sources */,
				34816AE725AA6BBD0067E9A2 /* ProgrammaticView.swift in Sources */,
				34816ACA25AA5D730067E9A2 /* AnchorageLayoutView.swift in Sources */,
				34FD64C125A54A2C009E03CD /* CleanerLayoutViewController.swift in Sources */,
				34D7052625B9E21200FAA0B3 /* FailedLoginView.swift in Sources */,
				34816AC425A7EEA30067E9A2 /* BasicLayoutView.swift in Sources */,
				34FD64AB25A5427E009E03CD /* AppDelegate.swift in Sources */,
				34816AC725A800C30067E9A2 /* StackViewLayoutView.swift in Sources */,
				34FD64AD25A5427E009E03CD /* SceneDelegate.swift in Sources */,
				34D7052325B9E1F900FAA0B3 /* FailedLoginViewController.swift in Sources */,
				34D7052925BC8E5B00FAA0B3 /* Coordinator.swift in Sources */,
				34816ADE25AA69850067E9A2 /* BasicLayoutWithViewViewController.swift in Sources */,
				34816ADB25AA60E50067E9A2 /* LoginStackView.swift in Sources */,
				34D7051A25B9D90A00FAA0B3 /* LoggedInViewController.swift in Sources */,
				34816AD225AA5EF00067E9A2 /* UIStackView.swift in Sources */,
				34816AD825AA60BA0067E9A2 /* ComposedLayoutView.swift in Sources */,
			);
			runOnlyForDeploymentPostprocessing = 0;
		};
/* End PBXSourcesBuildPhase section */

/* Begin PBXVariantGroup section */
		34FD64B525A5427F009E03CD /* LaunchScreen.storyboard */ = {
			isa = PBXVariantGroup;
			children = (
				34FD64B625A5427F009E03CD /* Base */,
			);
			name = LaunchScreen.storyboard;
			sourceTree = "<group>";
		};
/* End PBXVariantGroup section */

/* Begin XCBuildConfiguration section */
		34FD64B925A5427F009E03CD /* Debug */ = {
			isa = XCBuildConfiguration;
			buildSettings = {
				ALWAYS_SEARCH_USER_PATHS = NO;
				CLANG_ANALYZER_NONNULL = YES;
				CLANG_ANALYZER_NUMBER_OBJECT_CONVERSION = YES_AGGRESSIVE;
				CLANG_CXX_LANGUAGE_STANDARD = "gnu++14";
				CLANG_CXX_LIBRARY = "libc++";
				CLANG_ENABLE_MODULES = YES;
				CLANG_ENABLE_OBJC_ARC = YES;
				CLANG_ENABLE_OBJC_WEAK = YES;
				CLANG_WARN_BLOCK_CAPTURE_AUTORELEASING = YES;
				CLANG_WARN_BOOL_CONVERSION = YES;
				CLANG_WARN_COMMA = YES;
				CLANG_WARN_CONSTANT_CONVERSION = YES;
				CLANG_WARN_DEPRECATED_OBJC_IMPLEMENTATIONS = YES;
				CLANG_WARN_DIRECT_OBJC_ISA_USAGE = YES_ERROR;
				CLANG_WARN_DOCUMENTATION_COMMENTS = YES;
				CLANG_WARN_EMPTY_BODY = YES;
				CLANG_WARN_ENUM_CONVERSION = YES;
				CLANG_WARN_INFINITE_RECURSION = YES;
				CLANG_WARN_INT_CONVERSION = YES;
				CLANG_WARN_NON_LITERAL_NULL_CONVERSION = YES;
				CLANG_WARN_OBJC_IMPLICIT_RETAIN_SELF = YES;
				CLANG_WARN_OBJC_LITERAL_CONVERSION = YES;
				CLANG_WARN_OBJC_ROOT_CLASS = YES_ERROR;
				CLANG_WARN_QUOTED_INCLUDE_IN_FRAMEWORK_HEADER = YES;
				CLANG_WARN_RANGE_LOOP_ANALYSIS = YES;
				CLANG_WARN_STRICT_PROTOTYPES = YES;
				CLANG_WARN_SUSPICIOUS_MOVE = YES;
				CLANG_WARN_UNGUARDED_AVAILABILITY = YES_AGGRESSIVE;
				CLANG_WARN_UNREACHABLE_CODE = YES;
				CLANG_WARN__DUPLICATE_METHOD_MATCH = YES;
				COPY_PHASE_STRIP = NO;
				DEBUG_INFORMATION_FORMAT = dwarf;
				ENABLE_STRICT_OBJC_MSGSEND = YES;
				ENABLE_TESTABILITY = YES;
				GCC_C_LANGUAGE_STANDARD = gnu11;
				GCC_DYNAMIC_NO_PIC = NO;
				GCC_NO_COMMON_BLOCKS = YES;
				GCC_OPTIMIZATION_LEVEL = 0;
				GCC_PREPROCESSOR_DEFINITIONS = (
					"DEBUG=1",
					"$(inherited)",
				);
				GCC_WARN_64_TO_32_BIT_CONVERSION = YES;
				GCC_WARN_ABOUT_RETURN_TYPE = YES_ERROR;
				GCC_WARN_UNDECLARED_SELECTOR = YES;
				GCC_WARN_UNINITIALIZED_AUTOS = YES_AGGRESSIVE;
				GCC_WARN_UNUSED_FUNCTION = YES;
				GCC_WARN_UNUSED_VARIABLE = YES;
				IPHONEOS_DEPLOYMENT_TARGET = 14.3;
				MTL_ENABLE_DEBUG_INFO = INCLUDE_SOURCE;
				MTL_FAST_MATH = YES;
				ONLY_ACTIVE_ARCH = YES;
				SDKROOT = iphoneos;
				SWIFT_ACTIVE_COMPILATION_CONDITIONS = DEBUG;
				SWIFT_OPTIMIZATION_LEVEL = "-Onone";
			};
			name = Debug;
		};
		34FD64BA25A5427F009E03CD /* Release */ = {
			isa = XCBuildConfiguration;
			buildSettings = {
				ALWAYS_SEARCH_USER_PATHS = NO;
				CLANG_ANALYZER_NONNULL = YES;
				CLANG_ANALYZER_NUMBER_OBJECT_CONVERSION = YES_AGGRESSIVE;
				CLANG_CXX_LANGUAGE_STANDARD = "gnu++14";
				CLANG_CXX_LIBRARY = "libc++";
				CLANG_ENABLE_MODULES = YES;
				CLANG_ENABLE_OBJC_ARC = YES;
				CLANG_ENABLE_OBJC_WEAK = YES;
				CLANG_WARN_BLOCK_CAPTURE_AUTORELEASING = YES;
				CLANG_WARN_BOOL_CONVERSION = YES;
				CLANG_WARN_COMMA = YES;
				CLANG_WARN_CONSTANT_CONVERSION = YES;
				CLANG_WARN_DEPRECATED_OBJC_IMPLEMENTATIONS = YES;
				CLANG_WARN_DIRECT_OBJC_ISA_USAGE = YES_ERROR;
				CLANG_WARN_DOCUMENTATION_COMMENTS = YES;
				CLANG_WARN_EMPTY_BODY = YES;
				CLANG_WARN_ENUM_CONVERSION = YES;
				CLANG_WARN_INFINITE_RECURSION = YES;
				CLANG_WARN_INT_CONVERSION = YES;
				CLANG_WARN_NON_LITERAL_NULL_CONVERSION = YES;
				CLANG_WARN_OBJC_IMPLICIT_RETAIN_SELF = YES;
				CLANG_WARN_OBJC_LITERAL_CONVERSION = YES;
				CLANG_WARN_OBJC_ROOT_CLASS = YES_ERROR;
				CLANG_WARN_QUOTED_INCLUDE_IN_FRAMEWORK_HEADER = YES;
				CLANG_WARN_RANGE_LOOP_ANALYSIS = YES;
				CLANG_WARN_STRICT_PROTOTYPES = YES;
				CLANG_WARN_SUSPICIOUS_MOVE = YES;
				CLANG_WARN_UNGUARDED_AVAILABILITY = YES_AGGRESSIVE;
				CLANG_WARN_UNREACHABLE_CODE = YES;
				CLANG_WARN__DUPLICATE_METHOD_MATCH = YES;
				COPY_PHASE_STRIP = NO;
				DEBUG_INFORMATION_FORMAT = "dwarf-with-dsym";
				ENABLE_NS_ASSERTIONS = NO;
				ENABLE_STRICT_OBJC_MSGSEND = YES;
				GCC_C_LANGUAGE_STANDARD = gnu11;
				GCC_NO_COMMON_BLOCKS = YES;
				GCC_WARN_64_TO_32_BIT_CONVERSION = YES;
				GCC_WARN_ABOUT_RETURN_TYPE = YES_ERROR;
				GCC_WARN_UNDECLARED_SELECTOR = YES;
				GCC_WARN_UNINITIALIZED_AUTOS = YES_AGGRESSIVE;
				GCC_WARN_UNUSED_FUNCTION = YES;
				GCC_WARN_UNUSED_VARIABLE = YES;
				IPHONEOS_DEPLOYMENT_TARGET = 14.3;
				MTL_ENABLE_DEBUG_INFO = NO;
				MTL_FAST_MATH = YES;
				SDKROOT = iphoneos;
				SWIFT_COMPILATION_MODE = wholemodule;
				SWIFT_OPTIMIZATION_LEVEL = "-O";
				VALIDATE_PRODUCT = YES;
			};
			name = Release;
		};
		34FD64BC25A5427F009E03CD /* Debug */ = {
			isa = XCBuildConfiguration;
			buildSettings = {
				ASSETCATALOG_COMPILER_APPICON_NAME = AppIcon;
				ASSETCATALOG_COMPILER_GLOBAL_ACCENT_COLOR_NAME = AccentColor;
				CODE_SIGN_STYLE = Automatic;
				DEVELOPMENT_TEAM = M4QVC2VWNY;
				INFOPLIST_FILE = ProgrammaticLayout/Resources/Info.plist;
				LD_RUNPATH_SEARCH_PATHS = (
					"$(inherited)",
					"@executable_path/Frameworks",
				);
				PRODUCT_BUNDLE_IDENTIFIER = "com.dillon-mce.ProgrammaticLayout";
				PRODUCT_NAME = "$(TARGET_NAME)";
				SWIFT_VERSION = 5.0;
				TARGETED_DEVICE_FAMILY = "1,2";
			};
			name = Debug;
		};
		34FD64BD25A5427F009E03CD /* Release */ = {
			isa = XCBuildConfiguration;
			buildSettings = {
				ASSETCATALOG_COMPILER_APPICON_NAME = AppIcon;
				ASSETCATALOG_COMPILER_GLOBAL_ACCENT_COLOR_NAME = AccentColor;
				CODE_SIGN_STYLE = Automatic;
				DEVELOPMENT_TEAM = M4QVC2VWNY;
				INFOPLIST_FILE = ProgrammaticLayout/Resources/Info.plist;
				LD_RUNPATH_SEARCH_PATHS = (
					"$(inherited)",
					"@executable_path/Frameworks",
				);
				PRODUCT_BUNDLE_IDENTIFIER = "com.dillon-mce.ProgrammaticLayout";
				PRODUCT_NAME = "$(TARGET_NAME)";
				SWIFT_VERSION = 5.0;
				TARGETED_DEVICE_FAMILY = "1,2";
			};
			name = Release;
		};
/* End XCBuildConfiguration section */

/* Begin XCConfigurationList section */
		34FD64A225A5427D009E03CD /* Build configuration list for PBXProject "ProgrammaticLayout" */ = {
			isa = XCConfigurationList;
			buildConfigurations = (
				34FD64B925A5427F009E03CD /* Debug */,
				34FD64BA25A5427F009E03CD /* Release */,
			);
			defaultConfigurationIsVisible = 0;
			defaultConfigurationName = Release;
		};
		34FD64BB25A5427F009E03CD /* Build configuration list for PBXNativeTarget "ProgrammaticLayout" */ = {
			isa = XCConfigurationList;
			buildConfigurations = (
				34FD64BC25A5427F009E03CD /* Debug */,
				34FD64BD25A5427F009E03CD /* Release */,
			);
			defaultConfigurationIsVisible = 0;
			defaultConfigurationName = Release;
		};
/* End XCConfigurationList section */

/* Begin XCRemoteSwiftPackageReference section */
		34FD64C625A55359009E03CD /* XCRemoteSwiftPackageReference "Anchorage" */ = {
			isa = XCRemoteSwiftPackageReference;
			repositoryURL = "https://github.com/Rightpoint/Anchorage.git";
			requirement = {
				kind = upToNextMajorVersion;
				minimumVersion = 4.5.0;
			};
		};
/* End XCRemoteSwiftPackageReference section */

/* Begin XCSwiftPackageProductDependency section */
		34FD64C725A55359009E03CD /* Anchorage */ = {
			isa = XCSwiftPackageProductDependency;
			package = 34FD64C625A55359009E03CD /* XCRemoteSwiftPackageReference "Anchorage" */;
			productName = Anchorage;
		};
/* End XCSwiftPackageProductDependency section */
	};
	rootObject = 34FD649F25A5427D009E03CD /* Project object */;
}
